# This file is automatically generated by Field33.
# It is not intended for manual editing.

version = '1'

[[package]]
name = '@fld33/methodology'
version = '0.1.7'
ontology_iri = 'http://field33.com/ontologies/@fld33/methodology/'
checksum = '71804d56452ced2623ca6981c87326be9dc8a5de2187a6f22dc88c63ce7eeb32'
dependencies = []

[[package]]
name = '@fld33/process'
version = '0.1.2'
ontology_iri = 'http://field33.com/ontologies/@fld33/process/'
checksum = '4afbc2c66e436c58767786f5295a65364fda39e2f75454467423cdcf76f492a7'
dependencies = []

[[package]]
name = '@fld33/relations_0_1_0'
version = '0.1.10'
ontology_iri = 'http://field33.com/ontologies/@fld33/relations_0_1_0/'
checksum = '27db88e631cb7ddb76c331905631d43371330caba6c01431d986d5654c15c9de'
dependencies = []

[[package]]
name = '@fld33_domain/software_development_lifecycle'
version = '0.1.4'
ontology_iri = 'http://field33.com/ontologies/@fld33_domain/software_development_lifecycle/'
checksum = '3d48c9d46ace4f498d11682c4ddff500009acd94cf82ab6fcfd09cbc4ea53492'
dependencies = [
    '@fld33/process ^0.1.1',
    '@fld33/relations_0_1_0 ^0.1.7',
]

[[package]]
name = '@fld33_domain/software_development_metric'
version = '0.1.6'
ontology_iri = 'http://field33.com/ontologies/@fld33_domain/software_development_metric/'
checksum = '7d974e8a7c6378f91a842cf963acef1894c23c9512da8bcfbf91a6a98410cb1c'
dependencies = ['@fld33/methodology ^0.1.7']

[[package]]
name = '@fld33_domain/software_team_metric'
version = '0.1.6'
ontology_iri = 'http://field33.com/ontologies/@fld33_domain/software_team_metric/'
checksum = '613be679157df3446ccc3e33779ed6b5ff782b27bc726760b5b8a9d374d5c842'
dependencies = [
    '@fld33/methodology ^0.1.7',
    '@fld33/relations_0_1_0 ^0.1.10',
]
