# This file is automatically generated by Field33.
# It is not intended for manual editing.

version = '1'

[[package]]
root = true
name = '@apqc_cross_industry/deliver_services'
version = '0.1.5'
ontology_iri = 'http://field33.com/ontologies/@apqc_cross_industry/deliver_services/'
cksum = 'e590a6d3257a1c43dae9b4ef1836133ee0ef93303d1139c395a923b2c90d2dc3'
dependencies = [
    '@fld33/relations_0_1_0',
    '@apqc/apqc',
    '@fld33_domain/business_objects',
]

[[package]]
root = false
name = '@apqc/apqc'
version = '0.1.1'
ontology_iri = 'http://field33.com/ontologies/@apqc/apqc/'
cksum = '61210215b45914c28f64042acf55038b551152869ccae2e5d07507c4984dca50'
dependencies = [
    '@fld33/process',
    '@fld33/relations_0_1_0',
]

[[package]]
root = false
name = '@fld33/methodology'
version = '0.1.7'
ontology_iri = 'http://field33.com/ontologies/@fld33/methodology/'
cksum = 'a3efb4297539b942e36860a6630ed73c9069691e1e0fba90b4a2b9f7baffc390'
dependencies = []

[[package]]
root = false
name = '@fld33/organization'
version = '0.1.4'
ontology_iri = 'http://field33.com/ontologies/@fld33/organization/'
cksum = '3bb18fac614b24f2904374e1797e6a3a953f6275d0c1803c833a0fc4307ef308'
dependencies = []

[[package]]
root = false
name = '@fld33/process'
version = '0.1.2'
ontology_iri = 'http://field33.com/ontologies/@fld33/process/'
cksum = '0c15a73708b1695158848c387c1e800b62c6711469c1a8d563c2d34568b6406e'
dependencies = []

[[package]]
root = false
name = '@fld33/relations_0_1_0'
version = '0.1.10'
ontology_iri = 'http://field33.com/ontologies/@fld33/relations_0_1_0/'
cksum = '41b316299844859263eaf124a0a57c8e0c354c80e99bd263e697c439e3d23244'
dependencies = []

[[package]]
root = false
name = '@fld33_domain/business_objects'
version = '0.1.6'
ontology_iri = 'http://field33.com/ontologies/@fld33_domain/business_objects/'
cksum = 'd035d7f715ef111fb3a033e4f6589862236fa998c991609c67d5d2115518af4a'
dependencies = [
    '@fld33/methodology',
    '@fld33/organization',
    '@fld33/relations_0_1_0',
]

[[package]]
root = true
name = '@apqc/apqc'
version = '0.1.1'
ontology_iri = 'http://field33.com/ontologies/@apqc/apqc/'
cksum = '61210215b45914c28f64042acf55038b551152869ccae2e5d07507c4984dca50'
dependencies = [
    '@fld33/process',
    '@fld33/relations_0_1_0',
]

[[package]]
root = false
name = '@fld33/process'
version = '0.1.2'
ontology_iri = 'http://field33.com/ontologies/@fld33/process/'
cksum = '0c15a73708b1695158848c387c1e800b62c6711469c1a8d563c2d34568b6406e'
dependencies = []

[[package]]
root = false
name = '@fld33/relations_0_1_0'
version = '0.1.10'
ontology_iri = 'http://field33.com/ontologies/@fld33/relations_0_1_0/'
cksum = '41b316299844859263eaf124a0a57c8e0c354c80e99bd263e697c439e3d23244'
dependencies = []

[[package]]
root = true
name = '@apqc_cross_industry/acquire_construct_and_manage_assets'
version = '0.1.4'
ontology_iri = 'http://field33.com/ontologies/@apqc_cross_industry/acquire_construct_and_manage_assets/'
cksum = '599fd4df74d1bae7c563b6ce11acc55373ec82f37f1c8433fd9fcae398b71ca5'
dependencies = [
    '@fld33/relations_0_1_0',
    '@apqc/apqc',
    '@fld33_domain/business_objects',
]

[[package]]
root = false
name = '@apqc/apqc'
version = '0.1.1'
ontology_iri = 'http://field33.com/ontologies/@apqc/apqc/'
cksum = '61210215b45914c28f64042acf55038b551152869ccae2e5d07507c4984dca50'
dependencies = [
    '@fld33/process',
    '@fld33/relations_0_1_0',
]

[[package]]
root = false
name = '@fld33/methodology'
version = '0.1.7'
ontology_iri = 'http://field33.com/ontologies/@fld33/methodology/'
cksum = 'a3efb4297539b942e36860a6630ed73c9069691e1e0fba90b4a2b9f7baffc390'
dependencies = []

[[package]]
root = false
name = '@fld33/organization'
version = '0.1.4'
ontology_iri = 'http://field33.com/ontologies/@fld33/organization/'
cksum = '3bb18fac614b24f2904374e1797e6a3a953f6275d0c1803c833a0fc4307ef308'
dependencies = []

[[package]]
root = false
name = '@fld33/process'
version = '0.1.2'
ontology_iri = 'http://field33.com/ontologies/@fld33/process/'
cksum = '0c15a73708b1695158848c387c1e800b62c6711469c1a8d563c2d34568b6406e'
dependencies = []

[[package]]
root = false
name = '@fld33/relations_0_1_0'
version = '0.1.10'
ontology_iri = 'http://field33.com/ontologies/@fld33/relations_0_1_0/'
cksum = '41b316299844859263eaf124a0a57c8e0c354c80e99bd263e697c439e3d23244'
dependencies = []

[[package]]
root = false
name = '@fld33_domain/business_objects'
version = '0.1.6'
ontology_iri = 'http://field33.com/ontologies/@fld33_domain/business_objects/'
cksum = 'd035d7f715ef111fb3a033e4f6589862236fa998c991609c67d5d2115518af4a'
dependencies = [
    '@fld33/methodology',
    '@fld33/organization',
    '@fld33/relations_0_1_0',
]
