# This file is automatically generated by Field33.
# It is not intended for manual editing.

version = '1'

[[package]]
name = '@fld33/methodology'
version = '0.1.7'
ontology_iri = 'http://field33.com/ontologies/@fld33/methodology/'
checksum = '71804d56452ced2623ca6981c87326be9dc8a5de2187a6f22dc88c63ce7eeb32'
dependencies = []
