# This file is automatically generated by Field33.
# It is not intended for manual editing.

version = '1'

[[package]]
name = '@apqc/apqc'
version = '0.1.3'
ontology_iri = 'http://field33.com/ontologies/@apqc/apqc/'
checksum = '81626f5a7ee9f8fe42956742ff114f2cbae0e714ba5862353d069ad46f69ee43'
dependencies = [
    '@fld33/relations_0_1_0 ^0.1.10',
    '@fld33/process ^0.1.2',
]

[[package]]
name = '@apqc_cross_industry/acquire_construct_and_manage_assets'
version = '0.1.7'
ontology_iri = 'http://field33.com/ontologies/@apqc_cross_industry/acquire_construct_and_manage_assets/'
checksum = '40290ea2be47311ea617e97d93da1e95a0f232de5921da6d8be006cc0d4a0ad2'
dependencies = [
    '@fld33/relations_0_1_0 ^0.1.10',
    '@fld33_domain/business_objects ^0.1.7',
    '@apqc/apqc ^0.1.3',
]

[[package]]
name = '@apqc_cross_industry/deliver_services'
version = '0.1.8'
ontology_iri = 'http://field33.com/ontologies/@apqc_cross_industry/deliver_services/'
checksum = '92c4809f76db4c392654ee8750b3396fdc3cb31f540a8fa8bf9aa7a83ad40730'
dependencies = [
    '@fld33/relations_0_1_0 ^0.1.10',
    '@apqc/apqc ^0.1.3',
    '@fld33_domain/business_objects ^0.1.7',
]

[[package]]
name = '@apqc_cross_industry/develop_and_manage_business_capabilities'
version = '0.1.7'
ontology_iri = 'http://field33.com/ontologies/@apqc_cross_industry/develop_and_manage_business_capabilities/'
checksum = '1cceb545f57a56f43f26fcc8db078065c62cb7e7bc6cc1cb72dc0bbd784cfdab'
dependencies = [
    '@fld33_domain/business_objects ^0.1.7',
    '@apqc/apqc ^0.1.3',
    '@fld33/relations_0_1_0 ^0.1.10',
]

[[package]]
name = '@apqc_cross_industry/develop_and_manage_human_capital'
version = '0.1.7'
ontology_iri = 'http://field33.com/ontologies/@apqc_cross_industry/develop_and_manage_human_capital/'
checksum = '8a907c299b1b899fa6877aaa89bea068c7a605aa8b67d2690d9ace38c99aa468'
dependencies = [
    '@fld33/relations_0_1_0 ^0.1.10',
    '@apqc/apqc ^0.1.3',
    '@fld33_domain/business_objects ^0.1.7',
]

[[package]]
name = '@apqc_cross_industry/develop_and_manage_products_and_services'
version = '0.1.7'
ontology_iri = 'http://field33.com/ontologies/@apqc_cross_industry/develop_and_manage_products_and_services/'
checksum = 'fb98b4c7e100d85ddb25ba7f537aa8286b8c15148717b4457aa5ec8eb437ae86'
dependencies = [
    '@fld33/relations_0_1_0 ^0.1.10',
    '@apqc/apqc ^0.1.3',
    '@fld33_domain/business_objects ^0.1.7',
]

[[package]]
name = '@apqc_cross_industry/develop_vision_and_strategy'
version = '0.1.7'
ontology_iri = 'http://field33.com/ontologies/@apqc_cross_industry/develop_vision_and_strategy/'
checksum = '41bb8e4d7ad8d0db632551bde263444b12b0aa5767c74cf38d1318014004ff4a'
dependencies = [
    '@fld33_domain/business_objects ^0.1.7',
    '@fld33/relations_0_1_0 ^0.1.10',
    '@apqc/apqc ^0.1.3',
]

[[package]]
name = '@apqc_cross_industry/manage_customer_service'
version = '0.1.7'
ontology_iri = 'http://field33.com/ontologies/@apqc_cross_industry/manage_customer_service/'
checksum = '7c20574d6aa6aa13999a32c5bf6ebdf20f185ef2ba316285e0f3fb1876c416b6'
dependencies = [
    '@apqc/apqc ^0.1.3',
    '@fld33_domain/business_objects ^0.1.7',
    '@fld33/relations_0_1_0 ^0.1.10',
]

[[package]]
name = '@apqc_cross_industry/manage_enterprise_risk_compliance_remediation_and_resiliency'
version = '0.1.7'
ontology_iri = 'http://field33.com/ontologies/@apqc_cross_industry/manage_enterprise_risk_compliance_remediation_and_resiliency/'
checksum = '808236179859a5747de55e91006e4994d47caa6194d05f028c15da81f7701da7'
dependencies = [
    '@fld33_domain/business_objects ^0.1.7',
    '@fld33/relations_0_1_0 ^0.1.10',
    '@apqc/apqc ^0.1.3',
]

[[package]]
name = '@apqc_cross_industry/manage_external_relationships'
version = '0.1.7'
ontology_iri = 'http://field33.com/ontologies/@apqc_cross_industry/manage_external_relationships/'
checksum = '3651d8bdfe6affa9be1a944d4ed0d37a109744bc7fc8d5ae33d462f910e2c374'
dependencies = [
    '@apqc/apqc ^0.1.3',
    '@fld33_domain/business_objects ^0.1.7',
    '@fld33/relations_0_1_0 ^0.1.10',
]

[[package]]
name = '@apqc_cross_industry/manage_financial_resources'
version = '0.1.7'
ontology_iri = 'http://field33.com/ontologies/@apqc_cross_industry/manage_financial_resources/'
checksum = 'f871dc7d4f2a4abb844c1f19584e62406e158b3d6910789d349123d3eb5bd788'
dependencies = [
    '@fld33_domain/business_objects ^0.1.7',
    '@fld33/relations_0_1_0 ^0.1.10',
    '@apqc/apqc ^0.1.3',
]

[[package]]
name = '@apqc_cross_industry/manage_information_technology_it'
version = '0.1.7'
ontology_iri = 'http://field33.com/ontologies/@apqc_cross_industry/manage_information_technology_it/'
checksum = '8876b4e8ef3cc1760b21dc48c7dd6793034cb1fe8806a476c63914207b4ec29c'
dependencies = [
    '@apqc/apqc ^0.1.3',
    '@fld33_domain/business_objects ^0.1.7',
    '@fld33/relations_0_1_0 ^0.1.10',
]

[[package]]
name = '@apqc_cross_industry/manage_supply_chain_for_physical_products'
version = '0.1.7'
ontology_iri = 'http://field33.com/ontologies/@apqc_cross_industry/manage_supply_chain_for_physical_products/'
checksum = 'd223498862e9f785320df34686abf02dd652cf725fe457c1f97ecee2e7775e04'
dependencies = [
    '@fld33_domain/business_objects ^0.1.7',
    '@fld33/relations_0_1_0 ^0.1.10',
    '@apqc/apqc ^0.1.3',
]

[[package]]
name = '@apqc_cross_industry/market_and_sell_products_and_services'
version = '0.1.7'
ontology_iri = 'http://field33.com/ontologies/@apqc_cross_industry/market_and_sell_products_and_services/'
checksum = '459bb93fd62c3be05748e49ed8655f1bba7ebfb1c3032e52e6f8855ce08b0cc2'
dependencies = [
    '@fld33/relations_0_1_0 ^0.1.10',
    '@apqc/apqc ^0.1.3',
    '@fld33_domain/business_objects ^0.1.7',
]

[[package]]
name = '@fld33/methodology'
version = '0.1.7'
ontology_iri = 'http://field33.com/ontologies/@fld33/methodology/'
checksum = '71804d56452ced2623ca6981c87326be9dc8a5de2187a6f22dc88c63ce7eeb32'
dependencies = []

[[package]]
name = '@fld33/organization'
version = '0.1.4'
ontology_iri = 'http://field33.com/ontologies/@fld33/organization/'
checksum = '835c5add0e13d05c062122f726fb062e7c75146eea3908ae385816b885fef216'
dependencies = []

[[package]]
name = '@fld33/process'
version = '0.1.2'
ontology_iri = 'http://field33.com/ontologies/@fld33/process/'
checksum = '4afbc2c66e436c58767786f5295a65364fda39e2f75454467423cdcf76f492a7'
dependencies = []

[[package]]
name = '@fld33/relations_0_1_0'
version = '0.1.10'
ontology_iri = 'http://field33.com/ontologies/@fld33/relations_0_1_0/'
checksum = '27db88e631cb7ddb76c331905631d43371330caba6c01431d986d5654c15c9de'
dependencies = []

[[package]]
name = '@fld33_domain/business_objects'
version = '0.1.7'
ontology_iri = 'http://field33.com/ontologies/@fld33_domain/business_objects/'
checksum = '4cea7002e7984edae121be2256fd37ac79964de6213cc3edd3a3d92f8bbf50dc'
dependencies = [
    '@fld33/relations_0_1_0 ^0.1.10',
    '@fld33/organization ^0.1.4',
    '@fld33/methodology ^0.1.7',
]
