# This file is automatically generated by Field33.
# It is not intended for manual editing.

version = '1'

[[package]]
name = '@fld33/methodology'
version = '0.1.7'
ontology_iri = 'http://field33.com/ontologies/@fld33/methodology/'
checksum = '71804d56452ced2623ca6981c87326be9dc8a5de2187a6f22dc88c63ce7eeb32'
dependencies = []

[[package]]
name = '@fld33/organization'
version = '0.1.4'
ontology_iri = 'http://field33.com/ontologies/@fld33/organization/'
checksum = '835c5add0e13d05c062122f726fb062e7c75146eea3908ae385816b885fef216'
dependencies = []

[[package]]
name = '@fld33/relations_0_1_0'
version = '0.1.10'
ontology_iri = 'http://field33.com/ontologies/@fld33/relations_0_1_0/'
checksum = '27db88e631cb7ddb76c331905631d43371330caba6c01431d986d5654c15c9de'
dependencies = []
