# This file is automatically generated by Field33.
# It is not intended for manual editing.

version = '1'

[[package]]
name = '@apqc/apqc'
version = '0.1.3'
ontology_iri = 'http://field33.com/ontologies/@apqc/apqc/'
checksum = '81626f5a7ee9f8fe42956742ff114f2cbae0e714ba5862353d069ad46f69ee43'
dependencies = [
    '@fld33/relations_0_1_0 ^0.1.10',
    '@fld33/process ^0.1.2',
]

[[package]]
name = '@fld33/methodology'
version = '0.1.7'
ontology_iri = 'http://field33.com/ontologies/@fld33/methodology/'
checksum = '71804d56452ced2623ca6981c87326be9dc8a5de2187a6f22dc88c63ce7eeb32'
dependencies = []

[[package]]
name = '@fld33/organization'
version = '0.1.4'
ontology_iri = 'http://field33.com/ontologies/@fld33/organization/'
checksum = '835c5add0e13d05c062122f726fb062e7c75146eea3908ae385816b885fef216'
dependencies = []

[[package]]
name = '@fld33/process'
version = '0.1.2'
ontology_iri = 'http://field33.com/ontologies/@fld33/process/'
checksum = '4afbc2c66e436c58767786f5295a65364fda39e2f75454467423cdcf76f492a7'
dependencies = []

[[package]]
name = '@fld33/relations_0_1_0'
version = '0.1.10'
ontology_iri = 'http://field33.com/ontologies/@fld33/relations_0_1_0/'
checksum = '27db88e631cb7ddb76c331905631d43371330caba6c01431d986d5654c15c9de'
dependencies = []

[[package]]
name = '@fld33_domain/business_objects'
version = '0.1.7'
ontology_iri = 'http://field33.com/ontologies/@fld33_domain/business_objects/'
checksum = '4cea7002e7984edae121be2256fd37ac79964de6213cc3edd3a3d92f8bbf50dc'
dependencies = [
    '@fld33/relations_0_1_0 ^0.1.10',
    '@fld33/organization ^0.1.4',
    '@fld33/methodology ^0.1.7',
]
