# This file is automatically generated by Field33.
# It is not intended for manual editing.

version = '1'

[[package]]
name = '@fld33/communication'
version = '0.1.2'
ontology_iri = 'http://field33.com/ontologies/@fld33/communication/'
checksum = '0d5460f9ae5a5a538da1e44358b6ac2c9b291cbb88b4860492b6b62401917e1b'
dependencies = []

[[package]]
name = '@fld33/organization'
version = '0.1.4'
ontology_iri = 'http://field33.com/ontologies/@fld33/organization/'
checksum = '835c5add0e13d05c062122f726fb062e7c75146eea3908ae385816b885fef216'
dependencies = []
