# This file is automatically generated by Field33.
# It is not intended for manual editing.

version = '1'

[[package]]
name = '@fld33/process'
version = '0.1.2'
ontology_iri = 'http://field33.com/ontologies/@fld33/process/'
checksum = '4afbc2c66e436c58767786f5295a65364fda39e2f75454467423cdcf76f492a7'
dependencies = []

[[package]]
name = '@fld33/relations_0_1_0'
version = '0.1.10'
ontology_iri = 'http://field33.com/ontologies/@fld33/relations_0_1_0/'
checksum = '27db88e631cb7ddb76c331905631d43371330caba6c01431d986d5654c15c9de'
dependencies = []
