# This file is automatically generated by Field33.
# It is not intended for manual editing.

version = '1'

[[package]]
name = '@apqc/apqc'
version = '0.1.1'
ontology_iri = 'http://field33.com/ontologies/@apqc/apqc/'
checksum = '1e8ef4a7adaba9517cedfda859bed4294d59b068f8749987867fe88f4778d430'
dependencies = [
    '@fld33/relations_0_1_0 ^0.1.9',
    '@fld33/process ^0.1.2',
]

[[package]]
name = '@fld33/methodology'
version = '0.1.7'
ontology_iri = 'http://field33.com/ontologies/@fld33/methodology/'
checksum = '71804d56452ced2623ca6981c87326be9dc8a5de2187a6f22dc88c63ce7eeb32'
dependencies = []

[[package]]
name = '@fld33/organization'
version = '0.1.4'
ontology_iri = 'http://field33.com/ontologies/@fld33/organization/'
checksum = '835c5add0e13d05c062122f726fb062e7c75146eea3908ae385816b885fef216'
dependencies = []

[[package]]
name = '@fld33/process'
version = '0.1.2'
ontology_iri = 'http://field33.com/ontologies/@fld33/process/'
checksum = '4afbc2c66e436c58767786f5295a65364fda39e2f75454467423cdcf76f492a7'
dependencies = []

[[package]]
name = '@fld33/relations_0_1_0'
version = '0.1.9'
ontology_iri = 'http://field33.com/ontologies/@fld33/relations_0_1_0/'
checksum = '6853bc7c2826b6ef1ed63c803352b5a7bef44ba4eb7c8449847034cb8935669f'
dependencies = []

[[package]]
name = '@fld33_domain/business_objects'
version = '0.1.4'
ontology_iri = 'http://field33.com/ontologies/@fld33_domain/business_objects/'
checksum = '89f121eb864d14b88f04abef773a7acaf4b0f3e9be91454f820fc37e42902ad0'
dependencies = [
    '@fld33/methodology ^0.1.7',
    '@fld33/organization ^0.1.4',
    '@fld33/relations_0_1_0 ^0.1.9',
]
